
Microsoft Visual Studio Solution File, Format Version 12.00
# Visual Studio Version 17
VisualStudioVersion = 17.7.34031.279
MinimumVisualStudioVersion = 10.0.40219.1
Project("{FAE04EC0-301F-11D3-BF4B-00C04F79EFBC}") = "ToDoApp", "ToDoApp.csproj", "{96F126A4-C919-4B59-BF9B-3B50CFA2B44D}"
EndProject
Global
	GlobalSection(SolutionConfigurationPlatforms) = preSolution
		Debug|Any CPU = Debug|Any CPU
		Release|Any CPU = Release|Any CPU
	EndGlobalSection
	GlobalSection(ProjectConfigurationPlatforms) = postSolution
		{96F126A4-C919-4B59-BF9B-3B50CFA2B44D}.Debug|Any CPU.ActiveCfg = Debug|Any CPU
		{96F126A4-C919-4B59-BF9B-3B50CFA2B44D}.Debug|Any CPU.Build.0 = Debug|Any CPU
		{96F126A4-C919-4B59-BF9B-3B50CFA2B44D}.Debug|Any CPU.Deploy.0 = Debug|Any CPU
		{96F126A4-C919-4B59-BF9B-3B50CFA2B44D}.Release|Any CPU.ActiveCfg = Release|Any CPU
		{96F126A4-C919-4B59-BF9B-3B50CFA2B44D}.Release|Any CPU.Build.0 = Release|Any CPU
		{96F126A4-C919-4B59-BF9B-3B50CFA2B44D}.Release|Any CPU.Deploy.0 = Release|Any CPU
	EndGlobalSection
	GlobalSection(SolutionProperties) = preSolution
		HideSolutionNode = FALSE
	EndGlobalSection
	GlobalSection(ExtensibilityGlobals) = postSolution
		SolutionGuid = {F9797002-28CE-4279-AFF5-7E1C7879E860}
	EndGlobalSection
EndGlobal
